
Microsoft Visual Studio Solution File, Format Version 12.00
# Visual Studio 14
VisualStudioVersion = 14.0.24720.0
MinimumVisualStudioVersion = 10.0.40219.1
Project("{FAE04EC0-301F-11D3-BF4B-00C04F79EFBC}") = "stint.Droid", "stint\stint.Droid\stint.Droid.csproj", "{14BE9AF3-6BFC-4E96-B6E3-01A7C7B025CB}"
EndProject
Project("{FAE04EC0-301F-11D3-BF4B-00C04F79EFBC}") = "stint.iOS", "stint\stint.iOS\stint.iOS.csproj", "{E3EC2DAC-FE66-4C5A-A640-4ED686EA9186}"
EndProject
Project("{FAE04EC0-301F-11D3-BF4B-00C04F79EFBC}") = "stint.WinPhone", "stint\stint.WinPhone\stint.WinPhone.csproj", "{00F664B0-7305-4B04-9CEE-9D58AC71D248}"
EndProject
Project("{D954291E-2A0B-460D-934E-DC6B0785DB48}") = "stint", "stint\stint\stint.shproj", "{97B8C2CD-88E6-4C9C-816D-19EB51635233}"
EndProject
Global
	GlobalSection(SharedMSBuildProjectFiles) = preSolution
		stint\stint\stint.projitems*{00f664b0-7305-4b04-9cee-9d58ac71d248}*SharedItemsImports = 4
		stint\stint\stint.projitems*{97b8c2cd-88e6-4c9c-816d-19eb51635233}*SharedItemsImports = 13
		stint\stint\stint.projitems*{e3ec2dac-fe66-4c5a-a640-4ed686ea9186}*SharedItemsImports = 4
		stint\stint\stint.projitems*{14be9af3-6bfc-4e96-b6e3-01a7c7b025cb}*SharedItemsImports = 4
	EndGlobalSection
	GlobalSection(SolutionConfigurationPlatforms) = preSolution
		Ad-Hoc|Any CPU = Ad-Hoc|Any CPU
		Ad-Hoc|ARM = Ad-Hoc|ARM
		Ad-Hoc|iPhone = Ad-Hoc|iPhone
		Ad-Hoc|iPhoneSimulator = Ad-Hoc|iPhoneSimulator
		Ad-Hoc|x86 = Ad-Hoc|x86
		AppStore|Any CPU = AppStore|Any CPU
		AppStore|ARM = AppStore|ARM
		AppStore|iPhone = AppStore|iPhone
		AppStore|iPhoneSimulator = AppStore|iPhoneSimulator
		AppStore|x86 = AppStore|x86
		Debug|Any CPU = Debug|Any CPU
		Debug|ARM = Debug|ARM
		Debug|iPhone = Debug|iPhone
		Debug|iPhoneSimulator = Debug|iPhoneSimulator
		Debug|x86 = Debug|x86
		Release|Any CPU = Release|Any CPU
		Release|ARM = Release|ARM
		Release|iPhone = Release|iPhone
		Release|iPhoneSimulator = Release|iPhoneSimulator
		Release|x86 = Release|x86
	EndGlobalSection
	GlobalSection(ProjectConfigurationPlatforms) = postSolution
		{14BE9AF3-6BFC-4E96-B6E3-01A7C7B025CB}.Ad-Hoc|Any CPU.ActiveCfg = Release|Any CPU
		{14BE9AF3-6BFC-4E96-B6E3-01A7C7B025CB}.Ad-Hoc|Any CPU.Build.0 = Release|Any CPU
		{14BE9AF3-6BFC-4E96-B6E3-01A7C7B025CB}.Ad-Hoc|Any CPU.Deploy.0 = Release|Any CPU
		{14BE9AF3-6BFC-4E96-B6E3-01A7C7B025CB}.Ad-Hoc|ARM.ActiveCfg = Release|Any CPU
		{14BE9AF3-6BFC-4E96-B6E3-01A7C7B025CB}.Ad-Hoc|ARM.Build.0 = Release|Any CPU
		{14BE9AF3-6BFC-4E96-B6E3-01A7C7B025CB}.Ad-Hoc|ARM.Deploy.0 = Release|Any CPU
		{14BE9AF3-6BFC-4E96-B6E3-01A7C7B025CB}.Ad-Hoc|iPhone.ActiveCfg = Release|Any CPU
		{14BE9AF3-6BFC-4E96-B6E3-01A7C7B025CB}.Ad-Hoc|iPhone.Build.0 = Release|Any CPU
		{14BE9AF3-6BFC-4E96-B6E3-01A7C7B025CB}.Ad-Hoc|iPhone.Deploy.0 = Release|Any CPU
		{14BE9AF3-6BFC-4E96-B6E3-01A7C7B025CB}.Ad-Hoc|iPhoneSimulator.ActiveCfg = Release|Any CPU
		{14BE9AF3-6BFC-4E96-B6E3-01A7C7B025CB}.Ad-Hoc|iPhoneSimulator.Build.0 = Release|Any CPU
		{14BE9AF3-6BFC-4E96-B6E3-01A7C7B025CB}.Ad-Hoc|iPhoneSimulator.Deploy.0 = Release|Any CPU
		{14BE9AF3-6BFC-4E96-B6E3-01A7C7B025CB}.Ad-Hoc|x86.ActiveCfg = Release|Any CPU
		{14BE9AF3-6BFC-4E96-B6E3-01A7C7B025CB}.Ad-Hoc|x86.Build.0 = Release|Any CPU
		{14BE9AF3-6BFC-4E96-B6E3-01A7C7B025CB}.Ad-Hoc|x86.Deploy.0 = Release|Any CPU
		{14BE9AF3-6BFC-4E96-B6E3-01A7C7B025CB}.AppStore|Any CPU.ActiveCfg = Release|Any CPU
		{14BE9AF3-6BFC-4E96-B6E3-01A7C7B025CB}.AppStore|Any CPU.Build.0 = Release|Any CPU
		{14BE9AF3-6BFC-4E96-B6E3-01A7C7B025CB}.AppStore|Any CPU.Deploy.0 = Release|Any CPU
		{14BE9AF3-6BFC-4E96-B6E3-01A7C7B025CB}.AppStore|ARM.ActiveCfg = Release|Any CPU
		{14BE9AF3-6BFC-4E96-B6E3-01A7C7B025CB}.AppStore|ARM.Build.0 = Release|Any CPU
		{14BE9AF3-6BFC-4E96-B6E3-01A7C7B025CB}.AppStore|ARM.Deploy.0 = Release|Any CPU
		{14BE9AF3-6BFC-4E96-B6E3-01A7C7B025CB}.AppStore|iPhone.ActiveCfg = Release|Any CPU
		{14BE9AF3-6BFC-4E96-B6E3-01A7C7B025CB}.AppStore|iPhone.Build.0 = Release|Any CPU
		{14BE9AF3-6BFC-4E96-B6E3-01A7C7B025CB}.AppStore|iPhone.Deploy.0 = Release|Any CPU
		{14BE9AF3-6BFC-4E96-B6E3-01A7C7B025CB}.AppStore|iPhoneSimulator.ActiveCfg = Release|Any CPU
		{14BE9AF3-6BFC-4E96-B6E3-01A7C7B025CB}.AppStore|iPhoneSimulator.Build.0 = Release|Any CPU
		{14BE9AF3-6BFC-4E96-B6E3-01A7C7B025CB}.AppStore|iPhoneSimulator.Deploy.0 = Release|Any CPU
		{14BE9AF3-6BFC-4E96-B6E3-01A7C7B025CB}.AppStore|x86.ActiveCfg = Release|Any CPU
		{14BE9AF3-6BFC-4E96-B6E3-01A7C7B025CB}.AppStore|x86.Build.0 = Release|Any CPU
		{14BE9AF3-6BFC-4E96-B6E3-01A7C7B025CB}.AppStore|x86.Deploy.0 = Release|Any CPU
		{14BE9AF3-6BFC-4E96-B6E3-01A7C7B025CB}.Debug|Any CPU.ActiveCfg = Debug|Any CPU
		{14BE9AF3-6BFC-4E96-B6E3-01A7C7B025CB}.Debug|Any CPU.Build.0 = Debug|Any CPU
		{14BE9AF3-6BFC-4E96-B6E3-01A7C7B025CB}.Debug|Any CPU.Deploy.0 = Debug|Any CPU
		{14BE9AF3-6BFC-4E96-B6E3-01A7C7B025CB}.Debug|ARM.ActiveCfg = Debug|Any CPU
		{14BE9AF3-6BFC-4E96-B6E3-01A7C7B025CB}.Debug|ARM.Build.0 = Debug|Any CPU
		{14BE9AF3-6BFC-4E96-B6E3-01A7C7B025CB}.Debug|ARM.Deploy.0 = Debug|Any CPU
		{14BE9AF3-6BFC-4E96-B6E3-01A7C7B025CB}.Debug|iPhone.ActiveCfg = Debug|Any CPU
		{14BE9AF3-6BFC-4E96-B6E3-01A7C7B025CB}.Debug|iPhone.Build.0 = Debug|Any CPU
		{14BE9AF3-6BFC-4E96-B6E3-01A7C7B025CB}.Debug|iPhone.Deploy.0 = Debug|Any CPU
		{14BE9AF3-6BFC-4E96-B6E3-01A7C7B025CB}.Debug|iPhoneSimulator.ActiveCfg = Debug|Any CPU
		{14BE9AF3-6BFC-4E96-B6E3-01A7C7B025CB}.Debug|iPhoneSimulator.Build.0 = Debug|Any CPU
		{14BE9AF3-6BFC-4E96-B6E3-01A7C7B025CB}.Debug|iPhoneSimulator.Deploy.0 = Debug|Any CPU
		{14BE9AF3-6BFC-4E96-B6E3-01A7C7B025CB}.Debug|x86.ActiveCfg = Debug|Any CPU
		{14BE9AF3-6BFC-4E96-B6E3-01A7C7B025CB}.Debug|x86.Build.0 = Debug|Any CPU
		{14BE9AF3-6BFC-4E96-B6E3-01A7C7B025CB}.Debug|x86.Deploy.0 = Debug|Any CPU
		{14BE9AF3-6BFC-4E96-B6E3-01A7C7B025CB}.Release|Any CPU.ActiveCfg = Release|Any CPU
		{14BE9AF3-6BFC-4E96-B6E3-01A7C7B025CB}.Release|Any CPU.Build.0 = Release|Any CPU
		{14BE9AF3-6BFC-4E96-B6E3-01A7C7B025CB}.Release|Any CPU.Deploy.0 = Release|Any CPU
		{14BE9AF3-6BFC-4E96-B6E3-01A7C7B025CB}.Release|ARM.ActiveCfg = Release|Any CPU
		{14BE9AF3-6BFC-4E96-B6E3-01A7C7B025CB}.Release|ARM.Build.0 = Release|Any CPU
		{14BE9AF3-6BFC-4E96-B6E3-01A7C7B025CB}.Release|ARM.Deploy.0 = Release|Any CPU
		{14BE9AF3-6BFC-4E96-B6E3-01A7C7B025CB}.Release|iPhone.ActiveCfg = Release|Any CPU
		{14BE9AF3-6BFC-4E96-B6E3-01A7C7B025CB}.Release|iPhone.Build.0 = Release|Any CPU
		{14BE9AF3-6BFC-4E96-B6E3-01A7C7B025CB}.Release|iPhone.Deploy.0 = Release|Any CPU
		{14BE9AF3-6BFC-4E96-B6E3-01A7C7B025CB}.Release|iPhoneSimulator.ActiveCfg = Release|Any CPU
		{14BE9AF3-6BFC-4E96-B6E3-01A7C7B025CB}.Release|iPhoneSimulator.Build.0 = Release|Any CPU
		{14BE9AF3-6BFC-4E96-B6E3-01A7C7B025CB}.Release|iPhoneSimulator.Deploy.0 = Release|Any CPU
		{14BE9AF3-6BFC-4E96-B6E3-01A7C7B025CB}.Release|x86.ActiveCfg = Release|Any CPU
		{14BE9AF3-6BFC-4E96-B6E3-01A7C7B025CB}.Release|x86.Build.0 = Release|Any CPU
		{14BE9AF3-6BFC-4E96-B6E3-01A7C7B025CB}.Release|x86.Deploy.0 = Release|Any CPU
		{E3EC2DAC-FE66-4C5A-A640-4ED686EA9186}.Ad-Hoc|Any CPU.ActiveCfg = Ad-Hoc|iPhone
		{E3EC2DAC-FE66-4C5A-A640-4ED686EA9186}.Ad-Hoc|ARM.ActiveCfg = Ad-Hoc|iPhone
		{E3EC2DAC-FE66-4C5A-A640-4ED686EA9186}.Ad-Hoc|iPhone.ActiveCfg = Ad-Hoc|iPhone
		{E3EC2DAC-FE66-4C5A-A640-4ED686EA9186}.Ad-Hoc|iPhone.Build.0 = Ad-Hoc|iPhone
		{E3EC2DAC-FE66-4C5A-A640-4ED686EA9186}.Ad-Hoc|iPhoneSimulator.ActiveCfg = Ad-Hoc|iPhoneSimulator
		{E3EC2DAC-FE66-4C5A-A640-4ED686EA9186}.Ad-Hoc|iPhoneSimulator.Build.0 = Ad-Hoc|iPhoneSimulator
		{E3EC2DAC-FE66-4C5A-A640-4ED686EA9186}.Ad-Hoc|x86.ActiveCfg = Ad-Hoc|iPhone
		{E3EC2DAC-FE66-4C5A-A640-4ED686EA9186}.AppStore|Any CPU.ActiveCfg = AppStore|iPhone
		{E3EC2DAC-FE66-4C5A-A640-4ED686EA9186}.AppStore|ARM.ActiveCfg = AppStore|iPhone
		{E3EC2DAC-FE66-4C5A-A640-4ED686EA9186}.AppStore|iPhone.ActiveCfg = AppStore|iPhone
		{E3EC2DAC-FE66-4C5A-A640-4ED686EA9186}.AppStore|iPhone.Build.0 = AppStore|iPhone
		{E3EC2DAC-FE66-4C5A-A640-4ED686EA9186}.AppStore|iPhoneSimulator.ActiveCfg = AppStore|iPhoneSimulator
		{E3EC2DAC-FE66-4C5A-A640-4ED686EA9186}.AppStore|iPhoneSimulator.Build.0 = AppStore|iPhoneSimulator
		{E3EC2DAC-FE66-4C5A-A640-4ED686EA9186}.AppStore|x86.ActiveCfg = AppStore|iPhone
		{E3EC2DAC-FE66-4C5A-A640-4ED686EA9186}.Debug|Any CPU.ActiveCfg = Debug|iPhone
		{E3EC2DAC-FE66-4C5A-A640-4ED686EA9186}.Debug|ARM.ActiveCfg = Debug|iPhone
		{E3EC2DAC-FE66-4C5A-A640-4ED686EA9186}.Debug|iPhone.ActiveCfg = Debug|iPhone
		{E3EC2DAC-FE66-4C5A-A640-4ED686EA9186}.Debug|iPhone.Build.0 = Debug|iPhone
		{E3EC2DAC-FE66-4C5A-A640-4ED686EA9186}.Debug|iPhoneSimulator.ActiveCfg = Debug|iPhoneSimulator
		{E3EC2DAC-FE66-4C5A-A640-4ED686EA9186}.Debug|iPhoneSimulator.Build.0 = Debug|iPhoneSimulator
		{E3EC2DAC-FE66-4C5A-A640-4ED686EA9186}.Debug|x86.ActiveCfg = Debug|iPhone
		{E3EC2DAC-FE66-4C5A-A640-4ED686EA9186}.Release|Any CPU.ActiveCfg = Release|iPhone
		{E3EC2DAC-FE66-4C5A-A640-4ED686EA9186}.Release|ARM.ActiveCfg = Release|iPhone
		{E3EC2DAC-FE66-4C5A-A640-4ED686EA9186}.Release|iPhone.ActiveCfg = Release|iPhone
		{E3EC2DAC-FE66-4C5A-A640-4ED686EA9186}.Release|iPhone.Build.0 = Release|iPhone
		{E3EC2DAC-FE66-4C5A-A640-4ED686EA9186}.Release|iPhoneSimulator.ActiveCfg = Release|iPhoneSimulator
		{E3EC2DAC-FE66-4C5A-A640-4ED686EA9186}.Release|iPhoneSimulator.Build.0 = Release|iPhoneSimulator
		{E3EC2DAC-FE66-4C5A-A640-4ED686EA9186}.Release|x86.ActiveCfg = Release|iPhone
		{00F664B0-7305-4B04-9CEE-9D58AC71D248}.Ad-Hoc|Any CPU.ActiveCfg = Release|Any CPU
		{00F664B0-7305-4B04-9CEE-9D58AC71D248}.Ad-Hoc|Any CPU.Build.0 = Release|Any CPU
		{00F664B0-7305-4B04-9CEE-9D58AC71D248}.Ad-Hoc|Any CPU.Deploy.0 = Release|Any CPU
		{00F664B0-7305-4B04-9CEE-9D58AC71D248}.Ad-Hoc|ARM.ActiveCfg = Release|ARM
		{00F664B0-7305-4B04-9CEE-9D58AC71D248}.Ad-Hoc|ARM.Build.0 = Release|ARM
		{00F664B0-7305-4B04-9CEE-9D58AC71D248}.Ad-Hoc|ARM.Deploy.0 = Release|ARM
		{00F664B0-7305-4B04-9CEE-9D58AC71D248}.Ad-Hoc|iPhone.ActiveCfg = Release|Any CPU
		{00F664B0-7305-4B04-9CEE-9D58AC71D248}.Ad-Hoc|iPhone.Build.0 = Release|Any CPU
		{00F664B0-7305-4B04-9CEE-9D58AC71D248}.Ad-Hoc|iPhone.Deploy.0 = Release|Any CPU
		{00F664B0-7305-4B04-9CEE-9D58AC71D248}.Ad-Hoc|iPhoneSimulator.ActiveCfg = Release|Any CPU
		{00F664B0-7305-4B04-9CEE-9D58AC71D248}.Ad-Hoc|iPhoneSimulator.Build.0 = Release|Any CPU
		{00F664B0-7305-4B04-9CEE-9D58AC71D248}.Ad-Hoc|iPhoneSimulator.Deploy.0 = Release|Any CPU
		{00F664B0-7305-4B04-9CEE-9D58AC71D248}.Ad-Hoc|x86.ActiveCfg = Release|x86
		{00F664B0-7305-4B04-9CEE-9D58AC71D248}.Ad-Hoc|x86.Build.0 = Release|x86
		{00F664B0-7305-4B04-9CEE-9D58AC71D248}.Ad-Hoc|x86.Deploy.0 = Release|x86
		{00F664B0-7305-4B04-9CEE-9D58AC71D248}.AppStore|Any CPU.ActiveCfg = Release|Any CPU
		{00F664B0-7305-4B04-9CEE-9D58AC71D248}.AppStore|Any CPU.Build.0 = Release|Any CPU
		{00F664B0-7305-4B04-9CEE-9D58AC71D248}.AppStore|Any CPU.Deploy.0 = Release|Any CPU
		{00F664B0-7305-4B04-9CEE-9D58AC71D248}.AppStore|ARM.ActiveCfg = Release|ARM
		{00F664B0-7305-4B04-9CEE-9D58AC71D248}.AppStore|ARM.Build.0 = Release|ARM
		{00F664B0-7305-4B04-9CEE-9D58AC71D248}.AppStore|ARM.Deploy.0 = Release|ARM
		{00F664B0-7305-4B04-9CEE-9D58AC71D248}.AppStore|iPhone.ActiveCfg = Release|Any CPU
		{00F664B0-7305-4B04-9CEE-9D58AC71D248}.AppStore|iPhone.Build.0 = Release|Any CPU
		{00F664B0-7305-4B04-9CEE-9D58AC71D248}.AppStore|iPhone.Deploy.0 = Release|Any CPU
		{00F664B0-7305-4B04-9CEE-9D58AC71D248}.AppStore|iPhoneSimulator.ActiveCfg = Release|Any CPU
		{00F664B0-7305-4B04-9CEE-9D58AC71D248}.AppStore|iPhoneSimulator.Build.0 = Release|Any CPU
		{00F664B0-7305-4B04-9CEE-9D58AC71D248}.AppStore|iPhoneSimulator.Deploy.0 = Release|Any CPU
		{00F664B0-7305-4B04-9CEE-9D58AC71D248}.AppStore|x86.ActiveCfg = Release|x86
		{00F664B0-7305-4B04-9CEE-9D58AC71D248}.AppStore|x86.Build.0 = Release|x86
		{00F664B0-7305-4B04-9CEE-9D58AC71D248}.AppStore|x86.Deploy.0 = Release|x86
		{00F664B0-7305-4B04-9CEE-9D58AC71D248}.Debug|Any CPU.ActiveCfg = Debug|Any CPU
		{00F664B0-7305-4B04-9CEE-9D58AC71D248}.Debug|Any CPU.Build.0 = Debug|Any CPU
		{00F664B0-7305-4B04-9CEE-9D58AC71D248}.Debug|Any CPU.Deploy.0 = Debug|Any CPU
		{00F664B0-7305-4B04-9CEE-9D58AC71D248}.Debug|ARM.ActiveCfg = Debug|ARM
		{00F664B0-7305-4B04-9CEE-9D58AC71D248}.Debug|ARM.Build.0 = Debug|ARM
		{00F664B0-7305-4B04-9CEE-9D58AC71D248}.Debug|ARM.Deploy.0 = Debug|ARM
		{00F664B0-7305-4B04-9CEE-9D58AC71D248}.Debug|iPhone.ActiveCfg = Debug|Any CPU
		{00F664B0-7305-4B04-9CEE-9D58AC71D248}.Debug|iPhone.Build.0 = Debug|Any CPU
		{00F664B0-7305-4B04-9CEE-9D58AC71D248}.Debug|iPhone.Deploy.0 = Debug|Any CPU
		{00F664B0-7305-4B04-9CEE-9D58AC71D248}.Debug|iPhoneSimulator.ActiveCfg = Debug|Any CPU
		{00F664B0-7305-4B04-9CEE-9D58AC71D248}.Debug|iPhoneSimulator.Build.0 = Debug|Any CPU
		{00F664B0-7305-4B04-9CEE-9D58AC71D248}.Debug|iPhoneSimulator.Deploy.0 = Debug|Any CPU
		{00F664B0-7305-4B04-9CEE-9D58AC71D248}.Debug|x86.ActiveCfg = Debug|x86
		{00F664B0-7305-4B04-9CEE-9D58AC71D248}.Debug|x86.Build.0 = Debug|x86
		{00F664B0-7305-4B04-9CEE-9D58AC71D248}.Debug|x86.Deploy.0 = Debug|x86
		{00F664B0-7305-4B04-9CEE-9D58AC71D248}.Release|Any CPU.ActiveCfg = Release|Any CPU
		{00F664B0-7305-4B04-9CEE-9D58AC71D248}.Release|Any CPU.Build.0 = Release|Any CPU
		{00F664B0-7305-4B04-9CEE-9D58AC71D248}.Release|Any CPU.Deploy.0 = Release|Any CPU
		{00F664B0-7305-4B04-9CEE-9D58AC71D248}.Release|ARM.ActiveCfg = Release|ARM
		{00F664B0-7305-4B04-9CEE-9D58AC71D248}.Release|ARM.Build.0 = Release|ARM
		{00F664B0-7305-4B04-9CEE-9D58AC71D248}.Release|ARM.Deploy.0 = Release|ARM
		{00F664B0-7305-4B04-9CEE-9D58AC71D248}.Release|iPhone.ActiveCfg = Release|Any CPU
		{00F664B0-7305-4B04-9CEE-9D58AC71D248}.Release|iPhone.Build.0 = Release|Any CPU
		{00F664B0-7305-4B04-9CEE-9D58AC71D248}.Release|iPhone.Deploy.0 = Release|Any CPU
		{00F664B0-7305-4B04-9CEE-9D58AC71D248}.Release|iPhoneSimulator.ActiveCfg = Release|Any CPU
		{00F664B0-7305-4B04-9CEE-9D58AC71D248}.Release|iPhoneSimulator.Build.0 = Release|Any CPU
		{00F664B0-7305-4B04-9CEE-9D58AC71D248}.Release|iPhoneSimulator.Deploy.0 = Release|Any CPU
		{00F664B0-7305-4B04-9CEE-9D58AC71D248}.Release|x86.ActiveCfg = Release|x86
		{00F664B0-7305-4B04-9CEE-9D58AC71D248}.Release|x86.Build.0 = Release|x86
		{00F664B0-7305-4B04-9CEE-9D58AC71D248}.Release|x86.Deploy.0 = Release|x86
	EndGlobalSection
	GlobalSection(SolutionProperties) = preSolution
		HideSolutionNode = FALSE
	EndGlobalSection
EndGlobal
